// !$*UTF8*$!
{
	archiveVersion = 1;
	classes = {
	};
	objectVersion = 52;
	objects = {

/* Begin PBXBuildFile section */
		4B8E99A323CB3053005BF776 /* AppDelegate.swift in Sources */ = {isa = PBXBuildFile; fileRef = 4B8E99A223CB3053005BF776 /* AppDelegate.swift */; };
		4B8E99A523CB3053005BF776 /* SceneDelegate.swift in Sources */ = {isa = PBXBuildFile; fileRef = 4B8E99A423CB3053005BF776 /* SceneDelegate.swift */; };
		4B8E99A723CB3053005BF776 /* ContentView.swift in Sources */ = {isa = PBXBuildFile; fileRef = 4B8E99A623CB3053005BF776 /* ContentView.swift */; };
		4B8E99A923CB3055005BF776 /* Assets.xcassets in Resources */ = {isa = PBXBuildFile; fileRef = 4B8E99A823CB3055005BF776 /* Assets.xcassets */; };
		4B8E99AC23CB3055005BF776 /* Preview Assets.xcassets in Resources */ = {isa = PBXBuildFile; fileRef = 4B8E99AB23CB3055005BF776 /* Preview Assets.xcassets */; };
		4B8E99AF23CB3055005BF776 /* LaunchScreen.storyboard in Resources */ = {isa = PBXBuildFile; fileRef = 4B8E99AD23CB3055005BF776 /* LaunchScreen.storyboard */; };
		4B8E99B823CB3492005BF776 /* SwiftShogi in Frameworks */ = {isa = PBXBuildFile; productRef = 4B8E99B723CB3492005BF776 /* SwiftShogi */; };
/* End PBXBuildFile section */

/* Begin PBXFileReference section */
		4B8E999F23CB3053005BF776 /* SwiftUIShogi.app */ = {isa = PBXFileReference; explicitFileType = wrapper.application; includeInIndex = 0; path = SwiftUIShogi.app; sourceTree = BUILT_PRODUCTS_DIR; };
		4B8E99A223CB3053005BF776 /* AppDelegate.swift */ = {isa = PBXFileReference; lastKnownFileType = sourcecode.swift; path = AppDelegate.swift; sourceTree = "<group>"; };
		4B8E99A423CB3053005BF776 /* SceneDelegate.swift */ = {isa = PBXFileReference; lastKnownFileType = sourcecode.swift; path = SceneDelegate.swift; sourceTree = "<group>"; };
		4B8E99A623CB3053005BF776 /* ContentView.swift */ = {isa = PBXFileReference; lastKnownFileType = sourcecode.swift; path = ContentView.swift; sourceTree = "<group>"; };
		4B8E99A823CB3055005BF776 /* Assets.xcassets */ = {isa = PBXFileReference; lastKnownFileType = folder.assetcatalog; path = Assets.xcassets; sourceTree = "<group>"; };
		4B8E99AB23CB3055005BF776 /* Preview Assets.xcassets */ = {isa = PBXFileReference; lastKnownFileType = folder.assetcatalog; path = "Preview Assets.xcassets"; sourceTree = "<group>"; };
		4B8E99AE23CB3055005BF776 /* Base */ = {isa = PBXFileReference; lastKnownFileType = file.storyboard; name = Base; path = Base.lproj/LaunchScreen.storyboard; sourceTree = "<group>"; };
		4B8E99B023CB3055005BF776 /* Info.plist */ = {isa = PBXFileReference; lastKnownFileType = text.plist.xml; path = Info.plist; sourceTree = "<group>"; };
/* End PBXFileReference section */

/* Begin PBXFrameworksBuildPhase section */
		4B8E999C23CB3053005BF776 /* Frameworks */ = {
			isa = PBXFrameworksBuildPhase;
			buildActionMask = 2147483647;
			files = (
				4B8E99B823CB3492005BF776 /* SwiftShogi in Frameworks */,
			);
			runOnlyForDeploymentPostprocessing = 0;
		};
/* End PBXFrameworksBuildPhase section */

/* Begin PBXGroup section */
		4B8E999623CB3053005BF776 = {
			isa = PBXGroup;
			children = (
				4B8E99A123CB3053005BF776 /* SwiftUIShogi */,
				4B8E99A023CB3053005BF776 /* Products */,
			);
			sourceTree = "<group>";
		};
		4B8E99A023CB3053005BF776 /* Products */ = {
			isa = PBXGroup;
			children = (
				4B8E999F23CB3053005BF776 /* SwiftUIShogi.app */,
			);
			name = Products;
			sourceTree = "<group>";
		};
		4B8E99A123CB3053005BF776 /* SwiftUIShogi */ = {
			isa = PBXGroup;
			children = (
				4B8E99A223CB3053005BF776 /* AppDelegate.swift */,
				4B8E99A423CB3053005BF776 /* SceneDelegate.swift */,
				4B8E99A623CB3053005BF776 /* ContentView.swift */,
				4B8E99A823CB3055005BF776 /* Assets.xcassets */,
				4B8E99AD23CB3055005BF776 /* LaunchScreen.storyboard */,
				4B8E99B023CB3055005BF776 /* Info.plist */,
				4B8E99AA23CB3055005BF776 /* Preview Content */,
			);
			path = SwiftUIShogi;
			sourceTree = "<group>";
		};
		4B8E99AA23CB3055005BF776 /* Preview Content */ = {
			isa = PBXGroup;
			children = (
				4B8E99AB23CB3055005BF776 /* Preview Assets.xcassets */,
			);
			path = "Preview Content";
			sourceTree = "<group>";
		};
/* End PBXGroup section */

/* Begin PBXNativeTarget section */
		4B8E999E23CB3053005BF776 /* SwiftUIShogi */ = {
			isa = PBXNativeTarget;
			buildConfigurationList = 4B8E99B323CB3055005BF776 /* Build configuration list for PBXNativeTarget "SwiftUIShogi" */;
			buildPhases = (
				4B8E999B23CB3053005BF776 /* Sources */,
				4B8E999C23CB3053005BF776 /* Frameworks */,
				4B8E999D23CB3053005BF776 /* Resources */,
			);
			buildRules = (
			);
			dependencies = (
			);
			name = SwiftUIShogi;
			packageProductDependencies = (
				4B8E99B723CB3492005BF776 /* SwiftShogi */,
			);
			productName = SwiftUIShogi;
			productReference = 4B8E999F23CB3053005BF776 /* SwiftUIShogi.app */;
			productType = "com.apple.product-type.application";
		};
/* End PBXNativeTarget section */

/* Begin PBXProject section */
		4B8E999723CB3053005BF776 /* Project object */ = {
			isa = PBXProject;
			attributes = {
				LastSwiftUpdateCheck = 1130;
				LastUpgradeCheck = 1130;
				ORGANIZATIONNAME = "Jiro Nagashima";
				TargetAttributes = {
					4B8E999E23CB3053005BF776 = {
						CreatedOnToolsVersion = 11.3;
					};
				};
			};
			buildConfigurationList = 4B8E999A23CB3053005BF776 /* Build configuration list for PBXProject "SwiftUIShogi" */;
			compatibilityVersion = "Xcode 9.3";
			developmentRegion = en;
			hasScannedForEncodings = 0;
			knownRegions = (
				en,
				Base,
			);
			mainGroup = 4B8E999623CB3053005BF776;
			packageReferences = (
				4B8E99B623CB3492005BF776 /* XCRemoteSwiftPackageReference "SwiftShogi" */,
			);
			productRefGroup = 4B8E99A023CB3053005BF776 /* Products */;
			projectDirPath = "";
			projectRoot = "";
			targets = (
				4B8E999E23CB3053005BF776 /* SwiftUIShogi */,
			);
		};
/* End PBXProject section */

/* Begin PBXResourcesBuildPhase section */
		4B8E999D23CB3053005BF776 /* Resources */ = {
			isa = PBXResourcesBuildPhase;
			buildActionMask = 2147483647;
			files = (
				4B8E99AF23CB3055005BF776 /* LaunchScreen.storyboard in Resources */,
				4B8E99AC23CB3055005BF776 /* Preview Assets.xcassets in Resources */,
				4B8E99A923CB3055005BF776 /* Assets.xcassets in Resources */,
			);
			runOnlyForDeploymentPostprocessing = 0;
		};
/* End PBXResourcesBuildPhase section */

/* Begin PBXSourcesBuildPhase section */
		4B8E999B23CB3053005BF776 /* Sources */ = {
			isa = PBXSourcesBuildPhase;
			buildActionMask = 2147483647;
			files = (
				4B8E99A323CB3053005BF776 /* AppDelegate.swift in Sources */,
				4B8E99A523CB3053005BF776 /* SceneDelegate.swift in Sources */,
				4B8E99A723CB3053005BF776 /* ContentView.swift in Sources */,
			);
			runOnlyForDeploymentPostprocessing = 0;
		};
/* End PBXSourcesBuildPhase section */

/* Begin PBXVariantGroup section */
		4B8E99AD23CB3055005BF776 /* LaunchScreen.storyboard */ = {
			isa = PBXVariantGroup;
			children = (
				4B8E99AE23CB3055005BF776 /* Base */,
			);
			name = LaunchScreen.storyboard;
			sourceTree = "<group>";
		};
/* End PBXVariantGroup section */

/* Begin XCBuildConfiguration section */
		4B8E99B123CB3055005BF776 /* Debug */ = {
			isa = XCBuildConfiguration;
			buildSettings = {
				ALWAYS_SEARCH_USER_PATHS = NO;
				CLANG_ANALYZER_NONNULL = YES;
				CLANG_ANALYZER_NUMBER_OBJECT_CONVERSION = YES_AGGRESSIVE;
				CLANG_CXX_LANGUAGE_STANDARD = "gnu++14";
				CLANG_CXX_LIBRARY = "libc++";
				CLANG_ENABLE_MODULES = YES;
				CLANG_ENABLE_OBJC_ARC = YES;
				CLANG_ENABLE_OBJC_WEAK = YES;
				CLANG_WARN_BLOCK_CAPTURE_AUTORELEASING = YES;
				CLANG_WARN_BOOL_CONVERSION = YES;
				CLANG_WARN_COMMA = YES;
				CLANG_WARN_CONSTANT_CONVERSION = YES;
				CLANG_WARN_DEPRECATED_OBJC_IMPLEMENTATIONS = YES;
				CLANG_WARN_DIRECT_OBJC_ISA_USAGE = YES_ERROR;
				CLANG_WARN_DOCUMENTATION_COMMENTS = YES;
				CLANG_WARN_EMPTY_BODY = YES;
				CLANG_WARN_ENUM_CONVERSION = YES;
				CLANG_WARN_INFINITE_RECURSION = YES;
				CLANG_WARN_INT_CONVERSION = YES;
				CLANG_WARN_NON_LITERAL_NULL_CONVERSION = YES;
				CLANG_WARN_OBJC_IMPLICIT_RETAIN_SELF = YES;
				CLANG_WARN_OBJC_LITERAL_CONVERSION = YES;
				CLANG_WARN_OBJC_ROOT_CLASS = YES_ERROR;
				CLANG_WARN_RANGE_LOOP_ANALYSIS = YES;
				CLANG_WARN_STRICT_PROTOTYPES = YES;
				CLANG_WARN_SUSPICIOUS_MOVE = YES;
				CLANG_WARN_UNGUARDED_AVAILABILITY = YES_AGGRESSIVE;
				CLANG_WARN_UNREACHABLE_CODE = YES;
				CLANG_WARN__DUPLICATE_METHOD_MATCH = YES;
				COPY_PHASE_STRIP = NO;
				DEBUG_INFORMATION_FORMAT = dwarf;
				ENABLE_STRICT_OBJC_MSGSEND = YES;
				ENABLE_TESTABILITY = YES;
				GCC_C_LANGUAGE_STANDARD = gnu11;
				GCC_DYNAMIC_NO_PIC = NO;
				GCC_NO_COMMON_BLOCKS = YES;
				GCC_OPTIMIZATION_LEVEL = 0;
				GCC_PREPROCESSOR_DEFINITIONS = (
					"DEBUG=1",
					"$(inherited)",
				);
				GCC_WARN_64_TO_32_BIT_CONVERSION = YES;
				GCC_WARN_ABOUT_RETURN_TYPE = YES_ERROR;
				GCC_WARN_UNDECLARED_SELECTOR = YES;
				GCC_WARN_UNINITIALIZED_AUTOS = YES_AGGRESSIVE;
				GCC_WARN_UNUSED_FUNCTION = YES;
				GCC_WARN_UNUSED_VARIABLE = YES;
				IPHONEOS_DEPLOYMENT_TARGET = 13.2;
				MTL_ENABLE_DEBUG_INFO = INCLUDE_SOURCE;
				MTL_FAST_MATH = YES;
				ONLY_ACTIVE_ARCH = YES;
				SDKROOT = iphoneos;
				SWIFT_ACTIVE_COMPILATION_CONDITIONS = DEBUG;
				SWIFT_OPTIMIZATION_LEVEL = "-Onone";
			};
			name = Debug;
		};
		4B8E99B223CB3055005BF776 /* Release */ = {
			isa = XCBuildConfiguration;
			buildSettings = {
				ALWAYS_SEARCH_USER_PATHS = NO;
				CLANG_ANALYZER_NONNULL = YES;
				CLANG_ANALYZER_NUMBER_OBJECT_CONVERSION = YES_AGGRESSIVE;
				CLANG_CXX_LANGUAGE_STANDARD = "gnu++14";
				CLANG_CXX_LIBRARY = "libc++";
				CLANG_ENABLE_MODULES = YES;
				CLANG_ENABLE_OBJC_ARC = YES;
				CLANG_ENABLE_OBJC_WEAK = YES;
				CLANG_WARN_BLOCK_CAPTURE_AUTORELEASING = YES;
				CLANG_WARN_BOOL_CONVERSION = YES;
				CLANG_WARN_COMMA = YES;
				CLANG_WARN_CONSTANT_CONVERSION = YES;
				CLANG_WARN_DEPRECATED_OBJC_IMPLEMENTATIONS = YES;
				CLANG_WARN_DIRECT_OBJC_ISA_USAGE = YES_ERROR;
				CLANG_WARN_DOCUMENTATION_COMMENTS = YES;
				CLANG_WARN_EMPTY_BODY = YES;
				CLANG_WARN_ENUM_CONVERSION = YES;
				CLANG_WARN_INFINITE_RECURSION = YES;
				CLANG_WARN_INT_CONVERSION = YES;
				CLANG_WARN_NON_LITERAL_NULL_CONVERSION = YES;
				CLANG_WARN_OBJC_IMPLICIT_RETAIN_SELF = YES;
				CLANG_WARN_OBJC_LITERAL_CONVERSION = YES;
				CLANG_WARN_OBJC_ROOT_CLASS = YES_ERROR;
				CLANG_WARN_RANGE_LOOP_ANALYSIS = YES;
				CLANG_WARN_STRICT_PROTOTYPES = YES;
				CLANG_WARN_SUSPICIOUS_MOVE = YES;
				CLANG_WARN_UNGUARDED_AVAILABILITY = YES_AGGRESSIVE;
				CLANG_WARN_UNREACHABLE_CODE = YES;
				CLANG_WARN__DUPLICATE_METHOD_MATCH = YES;
				COPY_PHASE_STRIP = NO;
				DEBUG_INFORMATION_FORMAT = "dwarf-with-dsym";
				ENABLE_NS_ASSERTIONS = NO;
				ENABLE_STRICT_OBJC_MSGSEND = YES;
				GCC_C_LANGUAGE_STANDARD = gnu11;
				GCC_NO_COMMON_BLOCKS = YES;
				GCC_WARN_64_TO_32_BIT_CONVERSION = YES;
				GCC_WARN_ABOUT_RETURN_TYPE = YES_ERROR;
				GCC_WARN_UNDECLARED_SELECTOR = YES;
				GCC_WARN_UNINITIALIZED_AUTOS = YES_AGGRESSIVE;
				GCC_WARN_UNUSED_FUNCTION = YES;
				GCC_WARN_UNUSED_VARIABLE = YES;
				IPHONEOS_DEPLOYMENT_TARGET = 13.2;
				MTL_ENABLE_DEBUG_INFO = NO;
				MTL_FAST_MATH = YES;
				SDKROOT = iphoneos;
				SWIFT_COMPILATION_MODE = wholemodule;
				SWIFT_OPTIMIZATION_LEVEL = "-O";
				VALIDATE_PRODUCT = YES;
			};
			name = Release;
		};
		4B8E99B423CB3055005BF776 /* Debug */ = {
			isa = XCBuildConfiguration;
			buildSettings = {
				ASSETCATALOG_COMPILER_APPICON_NAME = AppIcon;
				CODE_SIGN_STYLE = Automatic;
				DEVELOPMENT_ASSET_PATHS = "\"SwiftUIShogi/Preview Content\"";
				ENABLE_PREVIEWS = YES;
				INFOPLIST_FILE = SwiftUIShogi/Info.plist;
				LD_RUNPATH_SEARCH_PATHS = (
					"$(inherited)",
					"@executable_path/Frameworks",
				);
				PRODUCT_BUNDLE_IDENTIFIER = com.hedjirog.SwiftUIShogi;
				PRODUCT_NAME = "$(TARGET_NAME)";
				SWIFT_VERSION = 5.0;
				TARGETED_DEVICE_FAMILY = "1,2";
			};
			name = Debug;
		};
		4B8E99B523CB3055005BF776 /* Release */ = {
			isa = XCBuildConfiguration;
			buildSettings = {
				ASSETCATALOG_COMPILER_APPICON_NAME = AppIcon;
				CODE_SIGN_STYLE = Automatic;
				DEVELOPMENT_ASSET_PATHS = "\"SwiftUIShogi/Preview Content\"";
				ENABLE_PREVIEWS = YES;
				INFOPLIST_FILE = SwiftUIShogi/Info.plist;
				LD_RUNPATH_SEARCH_PATHS = (
					"$(inherited)",
					"@executable_path/Frameworks",
				);
				PRODUCT_BUNDLE_IDENTIFIER = com.hedjirog.SwiftUIShogi;
				PRODUCT_NAME = "$(TARGET_NAME)";
				SWIFT_VERSION = 5.0;
				TARGETED_DEVICE_FAMILY = "1,2";
			};
			name = Release;
		};
/* End XCBuildConfiguration section */

/* Begin XCConfigurationList section */
		4B8E999A23CB3053005BF776 /* Build configuration list for PBXProject "SwiftUIShogi" */ = {
			isa = XCConfigurationList;
			buildConfigurations = (
				4B8E99B123CB3055005BF776 /* Debug */,
				4B8E99B223CB3055005BF776 /* Release */,
			);
			defaultConfigurationIsVisible = 0;
			defaultConfigurationName = Release;
		};
		4B8E99B323CB3055005BF776 /* Build configuration list for PBXNativeTarget "SwiftUIShogi" */ = {
			isa = XCConfigurationList;
			buildConfigurations = (
				4B8E99B423CB3055005BF776 /* Debug */,
				4B8E99B523CB3055005BF776 /* Release */,
			);
			defaultConfigurationIsVisible = 0;
			defaultConfigurationName = Release;
		};
/* End XCConfigurationList section */

/* Begin XCRemoteSwiftPackageReference section */
		4B8E99B623CB3492005BF776 /* XCRemoteSwiftPackageReference "SwiftShogi" */ = {
			isa = XCRemoteSwiftPackageReference;
			repositoryURL = "git@github.com:hedjirog/SwiftShogi.git";
			requirement = {
				branch = master;
				kind = branch;
			};
		};
/* End XCRemoteSwiftPackageReference section */

/* Begin XCSwiftPackageProductDependency section */
		4B8E99B723CB3492005BF776 /* SwiftShogi */ = {
			isa = XCSwiftPackageProductDependency;
			package = 4B8E99B623CB3492005BF776 /* XCRemoteSwiftPackageReference "SwiftShogi" */;
			productName = SwiftShogi;
		};
/* End XCSwiftPackageProductDependency section */
	};
	rootObject = 4B8E999723CB3053005BF776 /* Project object */;
}
