{
  "object": {
    "pins": [
      {
        "package": "SwiftShogi",
        "repositoryURL": "git@github.com:hedjirog/SwiftShogi.git",
        "state": {
          "branch": "master",
          "revision": "f3796472d6d0c6b03e2f2957366f989900312b05",
          "version": null
        }
      }
    ]
  },
  "version": 1
}
