{
  "object": {
    "pins": [
      {
        "package": "SwiftShogi",
        "repositoryURL": "https://github.com/hedjirog/SwiftShogi.git",
        "state": {
          "branch": null,
          "revision": "a166a41f7c0047d55f01b9348b8844a4ba25801f",
          "version": "0.2.0"
        }
      }
    ]
  },
  "version": 1
}
