{
  "object": {
    "pins": [
      {
        "package": "SwiftShogi",
        "repositoryURL": "https://github.com/hedjirog/SwiftShogi.git",
        "state": {
          "branch": null,
          "revision": "a52c885a8d194034176d459cb6a2ed8394fde130",
          "version": "0.1.0"
        }
      }
    ]
  },
  "version": 1
}
